
Microsoft Visual Studio Solution File, Format Version 12.00
# Visual Studio Version 16
VisualStudioVersion = 16.0.31112.23
MinimumVisualStudioVersion = 10.0.40219.1
Project("{FAE04EC0-301F-11D3-BF4B-00C04F79EFBC}") = "ConsoleApp13", "ConsoleApp13\ConsoleApp13.csproj", "{3EECFC29-D2DC-47A6-A456-703868338166}"
EndProject
Global
	GlobalSection(SolutionConfigurationPlatforms) = preSolution
		Debug|Any CPU = Debug|Any CPU
		Release|Any CPU = Release|Any CPU
	EndGlobalSection
	GlobalSection(ProjectConfigurationPlatforms) = postSolution
		{3EECFC29-D2DC-47A6-A456-703868338166}.Debug|Any CPU.ActiveCfg = Debug|Any CPU
		{3EECFC29-D2DC-47A6-A456-703868338166}.Debug|Any CPU.Build.0 = Debug|Any CPU
		{3EECFC29-D2DC-47A6-A456-703868338166}.Release|Any CPU.ActiveCfg = Release|Any CPU
		{3EECFC29-D2DC-47A6-A456-703868338166}.Release|Any CPU.Build.0 = Release|Any CPU
	EndGlobalSection
	GlobalSection(SolutionProperties) = preSolution
		HideSolutionNode = FALSE
	EndGlobalSection
	GlobalSection(ExtensibilityGlobals) = postSolution
		SolutionGuid = {AF2649FA-37F2-48BF-A0F3-9A3BBFBF858F}
	EndGlobalSection
EndGlobal
